{
  "version": 1,
  "dependencies": {
    ".NETCoreApp,Version=v3.1": {
      "BCrypt.Net-Next": {
        "type": "Direct",
        "requested": "[4.0.3, )",
        "resolved": "4.0.3",
        "contentHash": "W+U9WvmZQgi5cX6FS5GDtDoPzUCV4LkBLkywq/kRZhuDwcbavOzcDAr3LXJFqHUi952Yj3LEYoWW0jbEUQChsA=="
      },
      "CrypticWizard.RandomWordGenerator": {
        "type": "Direct",
        "requested": "[0.9.5, )",
        "resolved": "0.9.5",
        "contentHash": "3JXTo0kZn7bsbKzhJ+9HGxK8JmXmOT0PhvvQWFy9UsOS7YICI5QSjFKt+RSL8GbMQYQH4bmzAZLG8OFPZnQheg=="
      },
      "N8.NetTools": {
        "type": "Direct",
        "requested": "[0.4.0, )",
        "resolved": "0.4.0",
        "contentHash": "0IVYVoaq7dKt8SEemIHRvCGrcte7TqmAHp5D9GR6aRs9DzpCZVFhkHsRk7ciI8YuU6yxEwjb4gdoTgO5rmUASA=="
      }
    },
    ".NETCoreApp,Version=v5.0": {
      "BCrypt.Net-Next": {
        "type": "Direct",
        "requested": "[4.0.3, )",
        "resolved": "4.0.3",
        "contentHash": "W+U9WvmZQgi5cX6FS5GDtDoPzUCV4LkBLkywq/kRZhuDwcbavOzcDAr3LXJFqHUi952Yj3LEYoWW0jbEUQChsA=="
      },
      "CrypticWizard.RandomWordGenerator": {
        "type": "Direct",
        "requested": "[0.9.5, )",
        "resolved": "0.9.5",
        "contentHash": "3JXTo0kZn7bsbKzhJ+9HGxK8JmXmOT0PhvvQWFy9UsOS7YICI5QSjFKt+RSL8GbMQYQH4bmzAZLG8OFPZnQheg=="
      },
      "N8.NetTools": {
        "type": "Direct",
        "requested": "[0.4.0, )",
        "resolved": "0.4.0",
        "contentHash": "0IVYVoaq7dKt8SEemIHRvCGrcte7TqmAHp5D9GR6aRs9DzpCZVFhkHsRk7ciI8YuU6yxEwjb4gdoTgO5rmUASA=="
      }
    },
    "net6.0": {
      "BCrypt.Net-Next": {
        "type": "Direct",
        "requested": "[4.0.3, )",
        "resolved": "4.0.3",
        "contentHash": "W+U9WvmZQgi5cX6FS5GDtDoPzUCV4LkBLkywq/kRZhuDwcbavOzcDAr3LXJFqHUi952Yj3LEYoWW0jbEUQChsA=="
      },
      "CrypticWizard.RandomWordGenerator": {
        "type": "Direct",
        "requested": "[0.9.5, )",
        "resolved": "0.9.5",
        "contentHash": "3JXTo0kZn7bsbKzhJ+9HGxK8JmXmOT0PhvvQWFy9UsOS7YICI5QSjFKt+RSL8GbMQYQH4bmzAZLG8OFPZnQheg=="
      },
      "N8.NetTools": {
        "type": "Direct",
        "requested": "[0.4.0, )",
        "resolved": "0.4.0",
        "contentHash": "0IVYVoaq7dKt8SEemIHRvCGrcte7TqmAHp5D9GR6aRs9DzpCZVFhkHsRk7ciI8YuU6yxEwjb4gdoTgO5rmUASA=="
      }
    },
    "net7.0": {
      "BCrypt.Net-Next": {
        "type": "Direct",
        "requested": "[4.0.3, )",
        "resolved": "4.0.3",
        "contentHash": "W+U9WvmZQgi5cX6FS5GDtDoPzUCV4LkBLkywq/kRZhuDwcbavOzcDAr3LXJFqHUi952Yj3LEYoWW0jbEUQChsA=="
      },
      "CrypticWizard.RandomWordGenerator": {
        "type": "Direct",
        "requested": "[0.9.5, )",
        "resolved": "0.9.5",
        "contentHash": "3JXTo0kZn7bsbKzhJ+9HGxK8JmXmOT0PhvvQWFy9UsOS7YICI5QSjFKt+RSL8GbMQYQH4bmzAZLG8OFPZnQheg=="
      },
      "N8.NetTools": {
        "type": "Direct",
        "requested": "[0.4.0, )",
        "resolved": "0.4.0",
        "contentHash": "0IVYVoaq7dKt8SEemIHRvCGrcte7TqmAHp5D9GR6aRs9DzpCZVFhkHsRk7ciI8YuU6yxEwjb4gdoTgO5rmUASA=="
      }
    }
  }
}