{
  "version": 1,
  "dependencies": {
    ".NETCoreApp,Version=v3.1": {
      "BCrypt.Net-Next": {
        "type": "Direct",
        "requested": "[4.0.3, )",
        "resolved": "4.0.3",
        "contentHash": "W+U9WvmZQgi5cX6FS5GDtDoPzUCV4LkBLkywq/kRZhuDwcbavOzcDAr3LXJFqHUi952Yj3LEYoWW0jbEUQChsA=="
      },
      "CrypticWizard.RandomWordGenerator": {
        "type": "Direct",
        "requested": "[0.9.5, )",
        "resolved": "0.9.5",
        "contentHash": "3JXTo0kZn7bsbKzhJ+9HGxK8JmXmOT0PhvvQWFy9UsOS7YICI5QSjFKt+RSL8GbMQYQH4bmzAZLG8OFPZnQheg=="
      },
      "N8.NetTools.Common": {
        "type": "Direct",
        "requested": "[0.6.0, )",
        "resolved": "0.6.0",
        "contentHash": "8qjgbQPa+Rq+h+8tpkYm5NmEFGuQ401la39yDljDmHt8xTl/etE0VKwSEBZQSUnPcwu1ntXuliyn8upGoKvj5g=="
      },
      "N8.NetTools.Common.Conversions": {
        "type": "Project",
        "dependencies": {
          "N8.NetTools.Common": "[0.6.0, )"
        }
      }
    },
    ".NETCoreApp,Version=v5.0": {
      "BCrypt.Net-Next": {
        "type": "Direct",
        "requested": "[4.0.3, )",
        "resolved": "4.0.3",
        "contentHash": "W+U9WvmZQgi5cX6FS5GDtDoPzUCV4LkBLkywq/kRZhuDwcbavOzcDAr3LXJFqHUi952Yj3LEYoWW0jbEUQChsA=="
      },
      "CrypticWizard.RandomWordGenerator": {
        "type": "Direct",
        "requested": "[0.9.5, )",
        "resolved": "0.9.5",
        "contentHash": "3JXTo0kZn7bsbKzhJ+9HGxK8JmXmOT0PhvvQWFy9UsOS7YICI5QSjFKt+RSL8GbMQYQH4bmzAZLG8OFPZnQheg=="
      },
      "N8.NetTools.Common": {
        "type": "Direct",
        "requested": "[0.6.0, )",
        "resolved": "0.6.0",
        "contentHash": "8qjgbQPa+Rq+h+8tpkYm5NmEFGuQ401la39yDljDmHt8xTl/etE0VKwSEBZQSUnPcwu1ntXuliyn8upGoKvj5g=="
      },
      "N8.NetTools.Common.Conversions": {
        "type": "Project",
        "dependencies": {
          "N8.NetTools.Common": "[0.6.0, )"
        }
      }
    },
    "net6.0": {
      "BCrypt.Net-Next": {
        "type": "Direct",
        "requested": "[4.0.3, )",
        "resolved": "4.0.3",
        "contentHash": "W+U9WvmZQgi5cX6FS5GDtDoPzUCV4LkBLkywq/kRZhuDwcbavOzcDAr3LXJFqHUi952Yj3LEYoWW0jbEUQChsA=="
      },
      "CrypticWizard.RandomWordGenerator": {
        "type": "Direct",
        "requested": "[0.9.5, )",
        "resolved": "0.9.5",
        "contentHash": "3JXTo0kZn7bsbKzhJ+9HGxK8JmXmOT0PhvvQWFy9UsOS7YICI5QSjFKt+RSL8GbMQYQH4bmzAZLG8OFPZnQheg=="
      },
      "N8.NetTools.Common": {
        "type": "Direct",
        "requested": "[0.6.0, )",
        "resolved": "0.6.0",
        "contentHash": "8qjgbQPa+Rq+h+8tpkYm5NmEFGuQ401la39yDljDmHt8xTl/etE0VKwSEBZQSUnPcwu1ntXuliyn8upGoKvj5g=="
      },
      "N8.NetTools.Common.Conversions": {
        "type": "Project",
        "dependencies": {
          "N8.NetTools.Common": "[0.6.0, )"
        }
      }
    },
    "net7.0": {
      "BCrypt.Net-Next": {
        "type": "Direct",
        "requested": "[4.0.3, )",
        "resolved": "4.0.3",
        "contentHash": "W+U9WvmZQgi5cX6FS5GDtDoPzUCV4LkBLkywq/kRZhuDwcbavOzcDAr3LXJFqHUi952Yj3LEYoWW0jbEUQChsA=="
      },
      "CrypticWizard.RandomWordGenerator": {
        "type": "Direct",
        "requested": "[0.9.5, )",
        "resolved": "0.9.5",
        "contentHash": "3JXTo0kZn7bsbKzhJ+9HGxK8JmXmOT0PhvvQWFy9UsOS7YICI5QSjFKt+RSL8GbMQYQH4bmzAZLG8OFPZnQheg=="
      },
      "N8.NetTools.Common": {
        "type": "Direct",
        "requested": "[0.6.0, )",
        "resolved": "0.6.0",
        "contentHash": "8qjgbQPa+Rq+h+8tpkYm5NmEFGuQ401la39yDljDmHt8xTl/etE0VKwSEBZQSUnPcwu1ntXuliyn8upGoKvj5g=="
      },
      "N8.NetTools.Common.Conversions": {
        "type": "Project",
        "dependencies": {
          "N8.NetTools.Common": "[0.6.0, )"
        }
      }
    }
  }
}