
Microsoft Visual Studio Solution File, Format Version 12.00
Project("{FAE04EC0-301F-11D3-BF4B-00C04F79EFBC}") = "NetTools", "NetTools\NetTools.csproj", "{501DC744-E3B4-4C20-B732-239D9B1FB494}"
EndProject
Project("{FAE04EC0-301F-11D3-BF4B-00C04F79EFBC}") = "NetTools.Test", "NetTools.Test\NetTools.Test.csproj", "{740901CD-96B0-4C05-8E84-53D4F8D2D4EB}"
EndProject
Project("{2150E333-8FDC-42A3-9474-1A3956D46DE8}") = "Extensions", "Extensions", "{1ED90904-495C-4C84-9701-8AF9BA9E8772}"
EndProject
Project("{2150E333-8FDC-42A3-9474-1A3956D46DE8}") = "Attributes", "Attributes", "{78DA384F-EFA5-4973-AFF6-C7E6325C3ACD}"
EndProject
Project("{2150E333-8FDC-42A3-9474-1A3956D46DE8}") = "Crypto", "Crypto", "{3C321BC4-2D72-465E-B8B7-032CA52FAB61}"
EndProject
Project("{2150E333-8FDC-42A3-9474-1A3956D46DE8}") = "Conversions", "Conversions", "{234CAAA9-520E-4DA5-AF86-585497BC70EA}"
EndProject
Project("{2150E333-8FDC-42A3-9474-1A3956D46DE8}") = "Files", "Files", "{DF4DF76A-BE75-40EC-9C38-C59581C029AF}"
EndProject
Project("{2150E333-8FDC-42A3-9474-1A3956D46DE8}") = "HTTP", "HTTP", "{C3DB18E8-397B-402A-A601-6D46A86C4968}"
EndProject
Project("{2150E333-8FDC-42A3-9474-1A3956D46DE8}") = "Localization", "Localization", "{22B9B1F6-74CC-478D-B4CF-3B21CAEBEE75}"
EndProject
Project("{FAE04EC0-301F-11D3-BF4B-00C04F79EFBC}") = "NetTools.Attributes", "Extensions\Attributes\NetTools.Attributes\NetTools.Attributes.csproj", "{21A30E74-9E78-4461-9BED-416CDFE6DEC5}"
EndProject
Project("{FAE04EC0-301F-11D3-BF4B-00C04F79EFBC}") = "NetTools.Conversions", "Extensions\Conversions\NetTools.Conversions\NetTools.Conversions.csproj", "{CF759F86-DFDB-4E64-A31D-AB8BAA2563FB}"
EndProject
Project("{FAE04EC0-301F-11D3-BF4B-00C04F79EFBC}") = "NetTools.Conversions.Test", "Extensions\Conversions\NetTools.Conversions.Test\NetTools.Conversions.Test.csproj", "{527028CA-0161-4DED-AE56-8C7372ED6F36}"
EndProject
Project("{FAE04EC0-301F-11D3-BF4B-00C04F79EFBC}") = "NetTools.Crypto", "Extensions\Crypto\NetTools.Crypto\NetTools.Crypto.csproj", "{C07A32E7-CD6A-4D73-843E-7AC1A85C4E86}"
EndProject
Project("{FAE04EC0-301F-11D3-BF4B-00C04F79EFBC}") = "NetTools.Files", "Extensions\Files\NetTools.Files\NetTools.Files.csproj", "{EA59168D-E56D-4CCE-AC7A-F8C7838E93A5}"
EndProject
Project("{FAE04EC0-301F-11D3-BF4B-00C04F79EFBC}") = "NetTools.HTTP", "Extensions\HTTP\NetTools.HTTP\NetTools.HTTP.csproj", "{35F32EE7-AD42-4247-BEB1-4B49DEF2BE79}"
EndProject
Project("{FAE04EC0-301F-11D3-BF4B-00C04F79EFBC}") = "NetTools.Localization", "Extensions\Localization\NetTools.Localization\NetTools.Localization.csproj", "{DA098090-064B-4B7E-83A4-075B47EB0748}"
EndProject

Global
	GlobalSection(SolutionConfigurationPlatforms) = preSolution
		Debug|Any CPU = Debug|Any CPU
		Release|Any CPU = Release|Any CPU
	EndGlobalSection
	GlobalSection(ProjectConfigurationPlatforms) = postSolution
		{A2E98D82-90C5-453C-A665-E887EB0A71D8}.Debug|Any CPU.ActiveCfg = Debug|Any CPU
		{A2E98D82-90C5-453C-A665-E887EB0A71D8}.Debug|Any CPU.Build.0 = Debug|Any CPU
		{A2E98D82-90C5-453C-A665-E887EB0A71D8}.Release|Any CPU.ActiveCfg = Release|Any CPU
		{A2E98D82-90C5-453C-A665-E887EB0A71D8}.Release|Any CPU.Build.0 = Release|Any CPU
		{F3EECD3F-E7FB-4B80-AC6E-CBE64B5681EC}.Debug|Any CPU.ActiveCfg = Debug|Any CPU
		{F3EECD3F-E7FB-4B80-AC6E-CBE64B5681EC}.Debug|Any CPU.Build.0 = Debug|Any CPU
		{F3EECD3F-E7FB-4B80-AC6E-CBE64B5681EC}.Release|Any CPU.ActiveCfg = Release|Any CPU
		{F3EECD3F-E7FB-4B80-AC6E-CBE64B5681EC}.Release|Any CPU.Build.0 = Release|Any CPU
		{8151ECC0-1AF5-461D-B1DA-CED9E0BB38FD}.Debug|Any CPU.ActiveCfg = Debug|Any CPU
		{8151ECC0-1AF5-461D-B1DA-CED9E0BB38FD}.Debug|Any CPU.Build.0 = Debug|Any CPU
		{8151ECC0-1AF5-461D-B1DA-CED9E0BB38FD}.Release|Any CPU.ActiveCfg = Release|Any CPU
		{8151ECC0-1AF5-461D-B1DA-CED9E0BB38FD}.Release|Any CPU.Build.0 = Release|Any CPU
		{858D2C72-499C-4E62-926C-EE96D883FDD9}.Debug|Any CPU.ActiveCfg = Debug|Any CPU
		{858D2C72-499C-4E62-926C-EE96D883FDD9}.Debug|Any CPU.Build.0 = Debug|Any CPU
		{858D2C72-499C-4E62-926C-EE96D883FDD9}.Release|Any CPU.ActiveCfg = Release|Any CPU
		{858D2C72-499C-4E62-926C-EE96D883FDD9}.Release|Any CPU.Build.0 = Release|Any CPU
		{951DA51A-FD1C-425D-8901-59495E2E23E7}.Debug|Any CPU.ActiveCfg = Debug|Any CPU
		{951DA51A-FD1C-425D-8901-59495E2E23E7}.Debug|Any CPU.Build.0 = Debug|Any CPU
		{951DA51A-FD1C-425D-8901-59495E2E23E7}.Release|Any CPU.ActiveCfg = Release|Any CPU
		{951DA51A-FD1C-425D-8901-59495E2E23E7}.Release|Any CPU.Build.0 = Release|Any CPU
		{3F5B5ECC-4CCF-4DA9-AB26-12B339CBDC8E}.Debug|Any CPU.ActiveCfg = Debug|Any CPU
		{3F5B5ECC-4CCF-4DA9-AB26-12B339CBDC8E}.Debug|Any CPU.Build.0 = Debug|Any CPU
		{3F5B5ECC-4CCF-4DA9-AB26-12B339CBDC8E}.Release|Any CPU.ActiveCfg = Release|Any CPU
		{3F5B5ECC-4CCF-4DA9-AB26-12B339CBDC8E}.Release|Any CPU.Build.0 = Release|Any CPU
		{7E38DFCB-733C-425E-908F-A3B33DD7FDF1}.Debug|Any CPU.ActiveCfg = Debug|Any CPU
		{7E38DFCB-733C-425E-908F-A3B33DD7FDF1}.Debug|Any CPU.Build.0 = Debug|Any CPU
		{7E38DFCB-733C-425E-908F-A3B33DD7FDF1}.Release|Any CPU.ActiveCfg = Release|Any CPU
		{7E38DFCB-733C-425E-908F-A3B33DD7FDF1}.Release|Any CPU.Build.0 = Release|Any CPU
		{C07C7CA2-B1D7-426B-8751-F265904EEC12}.Debug|Any CPU.ActiveCfg = Debug|Any CPU
		{C07C7CA2-B1D7-426B-8751-F265904EEC12}.Debug|Any CPU.Build.0 = Debug|Any CPU
		{C07C7CA2-B1D7-426B-8751-F265904EEC12}.Release|Any CPU.ActiveCfg = Release|Any CPU
		{C07C7CA2-B1D7-426B-8751-F265904EEC12}.Release|Any CPU.Build.0 = Release|Any CPU
		{74774C6A-739F-4565-8B8D-C8BAAAD757AF}.Debug|Any CPU.ActiveCfg = Debug|Any CPU
		{74774C6A-739F-4565-8B8D-C8BAAAD757AF}.Debug|Any CPU.Build.0 = Debug|Any CPU
		{74774C6A-739F-4565-8B8D-C8BAAAD757AF}.Release|Any CPU.ActiveCfg = Release|Any CPU
		{74774C6A-739F-4565-8B8D-C8BAAAD757AF}.Release|Any CPU.Build.0 = Release|Any CPU
		{6F086CD7-AD31-4EC5-B263-CF782BA06C05}.Debug|Any CPU.ActiveCfg = Debug|Any CPU
		{6F086CD7-AD31-4EC5-B263-CF782BA06C05}.Debug|Any CPU.Build.0 = Debug|Any CPU
		{6F086CD7-AD31-4EC5-B263-CF782BA06C05}.Release|Any CPU.ActiveCfg = Release|Any CPU
		{6F086CD7-AD31-4EC5-B263-CF782BA06C05}.Release|Any CPU.Build.0 = Release|Any CPU
		{8D8BD4A3-845E-4BA9-BFD0-B14EF6211B20}.Debug|Any CPU.ActiveCfg = Debug|Any CPU
		{8D8BD4A3-845E-4BA9-BFD0-B14EF6211B20}.Debug|Any CPU.Build.0 = Debug|Any CPU
		{8D8BD4A3-845E-4BA9-BFD0-B14EF6211B20}.Release|Any CPU.ActiveCfg = Release|Any CPU
		{8D8BD4A3-845E-4BA9-BFD0-B14EF6211B20}.Release|Any CPU.Build.0 = Release|Any CPU
		{FDE2AD15-4699-47EA-A965-B0F2CB32AFD1}.Debug|Any CPU.ActiveCfg = Debug|Any CPU
		{FDE2AD15-4699-47EA-A965-B0F2CB32AFD1}.Debug|Any CPU.Build.0 = Debug|Any CPU
		{FDE2AD15-4699-47EA-A965-B0F2CB32AFD1}.Release|Any CPU.ActiveCfg = Release|Any CPU
		{FDE2AD15-4699-47EA-A965-B0F2CB32AFD1}.Release|Any CPU.Build.0 = Release|Any CPU
		{9D47D5B4-5A8E-4AF8-9A36-01CEBA384745}.Debug|Any CPU.ActiveCfg = Debug|Any CPU
		{9D47D5B4-5A8E-4AF8-9A36-01CEBA384745}.Debug|Any CPU.Build.0 = Debug|Any CPU
		{9D47D5B4-5A8E-4AF8-9A36-01CEBA384745}.Release|Any CPU.ActiveCfg = Release|Any CPU
		{9D47D5B4-5A8E-4AF8-9A36-01CEBA384745}.Release|Any CPU.Build.0 = Release|Any CPU
		{B83D3D79-3FB7-4FD5-A308-9DF71D1D3EFB}.Debug|Any CPU.ActiveCfg = Debug|Any CPU
		{B83D3D79-3FB7-4FD5-A308-9DF71D1D3EFB}.Debug|Any CPU.Build.0 = Debug|Any CPU
		{B83D3D79-3FB7-4FD5-A308-9DF71D1D3EFB}.Release|Any CPU.ActiveCfg = Release|Any CPU
		{B83D3D79-3FB7-4FD5-A308-9DF71D1D3EFB}.Release|Any CPU.Build.0 = Release|Any CPU
		{1982F99E-38E0-4195-A80E-52CBCB48A06A}.Debug|Any CPU.ActiveCfg = Debug|Any CPU
		{1982F99E-38E0-4195-A80E-52CBCB48A06A}.Debug|Any CPU.Build.0 = Debug|Any CPU
		{1982F99E-38E0-4195-A80E-52CBCB48A06A}.Release|Any CPU.ActiveCfg = Release|Any CPU
		{1982F99E-38E0-4195-A80E-52CBCB48A06A}.Release|Any CPU.Build.0 = Release|Any CPU
		{3296DC16-F88D-4D90-A799-A600A912CDAE}.Debug|Any CPU.ActiveCfg = Debug|Any CPU
		{3296DC16-F88D-4D90-A799-A600A912CDAE}.Debug|Any CPU.Build.0 = Debug|Any CPU
		{3296DC16-F88D-4D90-A799-A600A912CDAE}.Release|Any CPU.ActiveCfg = Release|Any CPU
		{3296DC16-F88D-4D90-A799-A600A912CDAE}.Release|Any CPU.Build.0 = Release|Any CPU
		{83F201FD-DB7A-4745-985A-629B83C5BF1D}.Debug|Any CPU.ActiveCfg = Debug|Any CPU
		{83F201FD-DB7A-4745-985A-629B83C5BF1D}.Debug|Any CPU.Build.0 = Debug|Any CPU
		{83F201FD-DB7A-4745-985A-629B83C5BF1D}.Release|Any CPU.ActiveCfg = Release|Any CPU
		{83F201FD-DB7A-4745-985A-629B83C5BF1D}.Release|Any CPU.Build.0 = Release|Any CPU
		{66AC13AA-E6B4-4ABE-9821-02A359C6514D}.Debug|Any CPU.ActiveCfg = Debug|Any CPU
		{66AC13AA-E6B4-4ABE-9821-02A359C6514D}.Debug|Any CPU.Build.0 = Debug|Any CPU
		{66AC13AA-E6B4-4ABE-9821-02A359C6514D}.Release|Any CPU.ActiveCfg = Release|Any CPU
		{66AC13AA-E6B4-4ABE-9821-02A359C6514D}.Release|Any CPU.Build.0 = Release|Any CPU
		{E49C1E1F-2FCC-48E3-A9B7-8270F9230A1A}.Debug|Any CPU.ActiveCfg = Debug|Any CPU
		{E49C1E1F-2FCC-48E3-A9B7-8270F9230A1A}.Debug|Any CPU.Build.0 = Debug|Any CPU
		{E49C1E1F-2FCC-48E3-A9B7-8270F9230A1A}.Release|Any CPU.ActiveCfg = Release|Any CPU
		{E49C1E1F-2FCC-48E3-A9B7-8270F9230A1A}.Release|Any CPU.Build.0 = Release|Any CPU
		{501DC744-E3B4-4C20-B732-239D9B1FB494}.Debug|Any CPU.ActiveCfg = Debug|Any CPU
		{501DC744-E3B4-4C20-B732-239D9B1FB494}.Debug|Any CPU.Build.0 = Debug|Any CPU
		{501DC744-E3B4-4C20-B732-239D9B1FB494}.Release|Any CPU.ActiveCfg = Release|Any CPU
		{501DC744-E3B4-4C20-B732-239D9B1FB494}.Release|Any CPU.Build.0 = Release|Any CPU
		{740901CD-96B0-4C05-8E84-53D4F8D2D4EB}.Debug|Any CPU.ActiveCfg = Debug|Any CPU
		{740901CD-96B0-4C05-8E84-53D4F8D2D4EB}.Debug|Any CPU.Build.0 = Debug|Any CPU
		{740901CD-96B0-4C05-8E84-53D4F8D2D4EB}.Release|Any CPU.ActiveCfg = Release|Any CPU
		{740901CD-96B0-4C05-8E84-53D4F8D2D4EB}.Release|Any CPU.Build.0 = Release|Any CPU
		{21A30E74-9E78-4461-9BED-416CDFE6DEC5}.Debug|Any CPU.ActiveCfg = Debug|Any CPU
		{21A30E74-9E78-4461-9BED-416CDFE6DEC5}.Debug|Any CPU.Build.0 = Debug|Any CPU
		{21A30E74-9E78-4461-9BED-416CDFE6DEC5}.Release|Any CPU.ActiveCfg = Release|Any CPU
		{21A30E74-9E78-4461-9BED-416CDFE6DEC5}.Release|Any CPU.Build.0 = Release|Any CPU
		{CF759F86-DFDB-4E64-A31D-AB8BAA2563FB}.Debug|Any CPU.ActiveCfg = Debug|Any CPU
		{CF759F86-DFDB-4E64-A31D-AB8BAA2563FB}.Debug|Any CPU.Build.0 = Debug|Any CPU
		{CF759F86-DFDB-4E64-A31D-AB8BAA2563FB}.Release|Any CPU.ActiveCfg = Release|Any CPU
		{CF759F86-DFDB-4E64-A31D-AB8BAA2563FB}.Release|Any CPU.Build.0 = Release|Any CPU
		{527028CA-0161-4DED-AE56-8C7372ED6F36}.Debug|Any CPU.ActiveCfg = Debug|Any CPU
		{527028CA-0161-4DED-AE56-8C7372ED6F36}.Debug|Any CPU.Build.0 = Debug|Any CPU
		{527028CA-0161-4DED-AE56-8C7372ED6F36}.Release|Any CPU.ActiveCfg = Release|Any CPU
		{527028CA-0161-4DED-AE56-8C7372ED6F36}.Release|Any CPU.Build.0 = Release|Any CPU
		{C07A32E7-CD6A-4D73-843E-7AC1A85C4E86}.Debug|Any CPU.ActiveCfg = Debug|Any CPU
		{C07A32E7-CD6A-4D73-843E-7AC1A85C4E86}.Debug|Any CPU.Build.0 = Debug|Any CPU
		{C07A32E7-CD6A-4D73-843E-7AC1A85C4E86}.Release|Any CPU.ActiveCfg = Release|Any CPU
		{C07A32E7-CD6A-4D73-843E-7AC1A85C4E86}.Release|Any CPU.Build.0 = Release|Any CPU
		{EA59168D-E56D-4CCE-AC7A-F8C7838E93A5}.Debug|Any CPU.ActiveCfg = Debug|Any CPU
		{EA59168D-E56D-4CCE-AC7A-F8C7838E93A5}.Debug|Any CPU.Build.0 = Debug|Any CPU
		{EA59168D-E56D-4CCE-AC7A-F8C7838E93A5}.Release|Any CPU.ActiveCfg = Release|Any CPU
		{EA59168D-E56D-4CCE-AC7A-F8C7838E93A5}.Release|Any CPU.Build.0 = Release|Any CPU
		{35F32EE7-AD42-4247-BEB1-4B49DEF2BE79}.Debug|Any CPU.ActiveCfg = Debug|Any CPU
		{35F32EE7-AD42-4247-BEB1-4B49DEF2BE79}.Debug|Any CPU.Build.0 = Debug|Any CPU
		{35F32EE7-AD42-4247-BEB1-4B49DEF2BE79}.Release|Any CPU.ActiveCfg = Release|Any CPU
		{35F32EE7-AD42-4247-BEB1-4B49DEF2BE79}.Release|Any CPU.Build.0 = Release|Any CPU
		{DA098090-064B-4B7E-83A4-075B47EB0748}.Debug|Any CPU.ActiveCfg = Debug|Any CPU
		{DA098090-064B-4B7E-83A4-075B47EB0748}.Debug|Any CPU.Build.0 = Debug|Any CPU
		{DA098090-064B-4B7E-83A4-075B47EB0748}.Release|Any CPU.ActiveCfg = Release|Any CPU
		{DA098090-064B-4B7E-83A4-075B47EB0748}.Release|Any CPU.Build.0 = Release|Any CPU
	EndGlobalSection
	GlobalSection(NestedProjects) = preSolution
		{78DA384F-EFA5-4973-AFF6-C7E6325C3ACD} = {1ED90904-495C-4C84-9701-8AF9BA9E8772}
		{21A30E74-9E78-4461-9BED-416CDFE6DEC5} = {78DA384F-EFA5-4973-AFF6-C7E6325C3ACD}
		{3C321BC4-2D72-465E-B8B7-032CA52FAB61} = {1ED90904-495C-4C84-9701-8AF9BA9E8772}
		{234CAAA9-520E-4DA5-AF86-585497BC70EA} = {1ED90904-495C-4C84-9701-8AF9BA9E8772}
		{DF4DF76A-BE75-40EC-9C38-C59581C029AF} = {1ED90904-495C-4C84-9701-8AF9BA9E8772}
		{C3DB18E8-397B-402A-A601-6D46A86C4968} = {1ED90904-495C-4C84-9701-8AF9BA9E8772}
		{22B9B1F6-74CC-478D-B4CF-3B21CAEBEE75} = {1ED90904-495C-4C84-9701-8AF9BA9E8772}
		{CF759F86-DFDB-4E64-A31D-AB8BAA2563FB} = {234CAAA9-520E-4DA5-AF86-585497BC70EA}
		{527028CA-0161-4DED-AE56-8C7372ED6F36} = {234CAAA9-520E-4DA5-AF86-585497BC70EA}
		{C07A32E7-CD6A-4D73-843E-7AC1A85C4E86} = {3C321BC4-2D72-465E-B8B7-032CA52FAB61}
		{EA59168D-E56D-4CCE-AC7A-F8C7838E93A5} = {DF4DF76A-BE75-40EC-9C38-C59581C029AF}
		{35F32EE7-AD42-4247-BEB1-4B49DEF2BE79} = {C3DB18E8-397B-402A-A601-6D46A86C4968}
		{DA098090-064B-4B7E-83A4-075B47EB0748} = {22B9B1F6-74CC-478D-B4CF-3B21CAEBEE75}
	EndGlobalSection
EndGlobal
