
Microsoft Visual Studio Solution File, Format Version 12.00
Project("{FAE04EC0-301F-11D3-BF4B-00C04F79EFBC}") = "NetTools", "NetTools\NetTools.csproj", "{A2E98D82-90C5-453C-A665-E887EB0A71D8}"
EndProject
Project("{FAE04EC0-301F-11D3-BF4B-00C04F79EFBC}") = "NetTools.Test", "NetTools.Test\NetTools.Test.csproj", "{ACA9E3B8-01BE-45F7-929D-BC2092CEFB8E}"
EndProject
Global
	GlobalSection(SolutionConfigurationPlatforms) = preSolution
		Debug|Any CPU = Debug|Any CPU
		Release|Any CPU = Release|Any CPU
	EndGlobalSection
	GlobalSection(ProjectConfigurationPlatforms) = postSolution
		{A2E98D82-90C5-453C-A665-E887EB0A71D8}.Debug|Any CPU.ActiveCfg = Debug|Any CPU
		{A2E98D82-90C5-453C-A665-E887EB0A71D8}.Debug|Any CPU.Build.0 = Debug|Any CPU
		{A2E98D82-90C5-453C-A665-E887EB0A71D8}.Release|Any CPU.ActiveCfg = Release|Any CPU
		{A2E98D82-90C5-453C-A665-E887EB0A71D8}.Release|Any CPU.Build.0 = Release|Any CPU
		{ACA9E3B8-01BE-45F7-929D-BC2092CEFB8E}.Debug|Any CPU.ActiveCfg = Debug|Any CPU
		{ACA9E3B8-01BE-45F7-929D-BC2092CEFB8E}.Debug|Any CPU.Build.0 = Debug|Any CPU
		{ACA9E3B8-01BE-45F7-929D-BC2092CEFB8E}.Release|Any CPU.ActiveCfg = Release|Any CPU
		{ACA9E3B8-01BE-45F7-929D-BC2092CEFB8E}.Release|Any CPU.Build.0 = Release|Any CPU
	EndGlobalSection
EndGlobal
