{
  "version": 1,
  "dependencies": {
    ".NETCoreApp,Version=v3.1": {
      "N8.NetTools": {
        "type": "Direct",
        "requested": "[0.2.0, )",
        "resolved": "0.2.0",
        "contentHash": "5Jasoa0EzRSuMB4xOP0sD8Mh7GRu6WpPsp+MYORE++Bz18hR52pTmQg5dDvCKa+1Hvj5cT/VnqHtennDI0TlDg=="
      }
    },
    ".NETStandard,Version=v2.0": {
      "N8.NetTools": {
        "type": "Direct",
        "requested": "[0.2.0, )",
        "resolved": "0.2.0",
        "contentHash": "5Jasoa0EzRSuMB4xOP0sD8Mh7GRu6WpPsp+MYORE++Bz18hR52pTmQg5dDvCKa+1Hvj5cT/VnqHtennDI0TlDg=="
      },
      "NETStandard.Library": {
        "type": "Direct",
        "requested": "[2.0.3, )",
        "resolved": "2.0.3",
        "contentHash": "st47PosZSHrjECdjeIzZQbzivYBJFv6P2nv4cj2ypdI204DO+vZ7l5raGMiX4eXMJ53RfOIg+/s4DHVZ54Nu2A==",
        "dependencies": {
          "Microsoft.NETCore.Platforms": "1.1.0"
        }
      },
      "Microsoft.NETCore.Platforms": {
        "type": "Transitive",
        "resolved": "1.1.0",
        "contentHash": "kz0PEW2lhqygehI/d6XsPCQzD7ff7gUJaVGPVETX611eadGsA3A877GdSlU0LRVMCTH/+P3o2iDTak+S08V2+A=="
      }
    },
    ".NETStandard,Version=v2.1": {
      "N8.NetTools": {
        "type": "Direct",
        "requested": "[0.2.0, )",
        "resolved": "0.2.0",
        "contentHash": "5Jasoa0EzRSuMB4xOP0sD8Mh7GRu6WpPsp+MYORE++Bz18hR52pTmQg5dDvCKa+1Hvj5cT/VnqHtennDI0TlDg=="
      }
    },
    ".NETCoreApp,Version=v5.0": {
      "N8.NetTools": {
        "type": "Direct",
        "requested": "[0.2.0, )",
        "resolved": "0.2.0",
        "contentHash": "5Jasoa0EzRSuMB4xOP0sD8Mh7GRu6WpPsp+MYORE++Bz18hR52pTmQg5dDvCKa+1Hvj5cT/VnqHtennDI0TlDg=="
      }
    },
    "net6.0": {
      "N8.NetTools": {
        "type": "Direct",
        "requested": "[0.2.0, )",
        "resolved": "0.2.0",
        "contentHash": "5Jasoa0EzRSuMB4xOP0sD8Mh7GRu6WpPsp+MYORE++Bz18hR52pTmQg5dDvCKa+1Hvj5cT/VnqHtennDI0TlDg=="
      }
    }
  }
}